
Microsoft Visual Studio Solution File, Format Version 11.00
# Visual Studio 2010
Project("{FAE04EC0-301F-11D3-BF4B-00C04F79EFBC}") = "ApplePickerAPH", "Assembly-CSharp.csproj", "{457178BD-8C9A-39F6-9674-EB080882E6CE}"
EndProject
Global
	GlobalSection(SolutionConfigurationPlatforms) = preSolution
		Debug|Any CPU = Debug|Any CPU
		Release|Any CPU = Release|Any CPU
	EndGlobalSection
	GlobalSection(ProjectConfigurationPlatforms) = postSolution
		{457178BD-8C9A-39F6-9674-EB080882E6CE}.Debug|Any CPU.ActiveCfg = Debug|Any CPU
		{457178BD-8C9A-39F6-9674-EB080882E6CE}.Debug|Any CPU.Build.0 = Debug|Any CPU
		{457178BD-8C9A-39F6-9674-EB080882E6CE}.Release|Any CPU.ActiveCfg = Release|Any CPU
		{457178BD-8C9A-39F6-9674-EB080882E6CE}.Release|Any CPU.Build.0 = Release|Any CPU
	EndGlobalSection
	GlobalSection(SolutionProperties) = preSolution
		HideSolutionNode = FALSE
	EndGlobalSection
	GlobalSection(MonoDevelopProperties) = preSolution
		StartupItem = Assembly-CSharp.csproj
	EndGlobalSection
EndGlobal
